
Microsoft Visual Studio Solution File, Format Version 12.00
# Visual Studio Version 17
VisualStudioVersion = 17.5.33627.172
MinimumVisualStudioVersion = 10.0.40219.1
Project("{9A19103F-16F7-4668-BE54-9A1E7A4F7556}") = "LicensePlateCrimeWebApp", "LicensePlateCrimeWebApp\LicensePlateCrimeWebApp.csproj", "{92EDAA67-F65A-4043-AE94-90CCE4412C30}"
EndProject
Global
	GlobalSection(SolutionConfigurationPlatforms) = preSolution
		Debug|Any CPU = Debug|Any CPU
		Release|Any CPU = Release|Any CPU
	EndGlobalSection
	GlobalSection(ProjectConfigurationPlatforms) = postSolution
		{92EDAA67-F65A-4043-AE94-90CCE4412C30}.Debug|Any CPU.ActiveCfg = Debug|Any CPU
		{92EDAA67-F65A-4043-AE94-90CCE4412C30}.Debug|Any CPU.Build.0 = Debug|Any CPU
		{92EDAA67-F65A-4043-AE94-90CCE4412C30}.Release|Any CPU.ActiveCfg = Release|Any CPU
		{92EDAA67-F65A-4043-AE94-90CCE4412C30}.Release|Any CPU.Build.0 = Release|Any CPU
	EndGlobalSection
	GlobalSection(SolutionProperties) = preSolution
		HideSolutionNode = FALSE
	EndGlobalSection
	GlobalSection(ExtensibilityGlobals) = postSolution
		SolutionGuid = {715CB26C-07A5-4EC4-AE12-8285DF117AB6}
	EndGlobalSection
EndGlobal
